# THIS IS AN AUTOGENERATED FILE. DO NOT EDIT THIS FILE DIRECTLY.
# yarn lockfile v1


turbo-rss@^1.2.1:
  version "1.2.1"
  resolved "https://registry.yarnpkg.com/turbo-rss/-/turbo-rss-1.2.1.tgz#af6d7caa29772aff21fe608ffdb679f37b446f74"
  integrity sha512-HFQt5tKE0N5yHfaXse50g2UOJVPW3uh6HEsu8tlO5H3XpkVx7xJzTHl0WUXAGViDrI4F0OIA54iw+fPqsNeVYw==
  dependencies:
    xml "1.0.1"

xml@1.0.1:
  version "1.0.1"
  resolved "https://registry.yarnpkg.com/xml/-/xml-1.0.1.tgz#78ba72020029c5bc87b8a81a3cfcd74b4a2fc1e5"
  integrity sha1-eLpyAgApxbyHuKgaPPzXS0ovweU=
